// !$*UTF8*$!
{
	archiveVersion = 1;
	classes = {
	};
	objectVersion = 56;
	objects = {

/* Begin PBXBuildFile section */
		380CC0502A1B79870092EEB0 /* TopMessageHistoryViewConstants.swift in Sources */ = {isa = PBXBuildFile; fileRef = 380CC04F2A1B79870092EEB0 /* TopMessageHistoryViewConstants.swift */; };
		380CC0522A1B79C50092EEB0 /* DividerViewConstants.swift in Sources */ = {isa = PBXBuildFile; fileRef = 380CC0512A1B79C50092EEB0 /* DividerViewConstants.swift */; };
		380CC0542A1B7A050092EEB0 /* AppColor.swift in Sources */ = {isa = PBXBuildFile; fileRef = 380CC0532A1B7A050092EEB0 /* AppColor.swift */; };
		380CC05E2A24A9070092EEB0 /* Messages.swift in Sources */ = {isa = PBXBuildFile; fileRef = 380CC05D2A24A9070092EEB0 /* Messages.swift */; };
		380CC0602A25F4850092EEB0 /* Message.swift in Sources */ = {isa = PBXBuildFile; fileRef = 380CC05F2A25F4850092EEB0 /* Message.swift */; };
		385018782A03E53900494D1A /* SwitchButtonView.swift in Sources */ = {isa = PBXBuildFile; fileRef = 385018772A03E53900494D1A /* SwitchButtonView.swift */; };
		3850187D2A03E55D00494D1A /* MessageHistoryView.swift in Sources */ = {isa = PBXBuildFile; fileRef = 3850187C2A03E55D00494D1A /* MessageHistoryView.swift */; };
		3850187F2A03E57200494D1A /* TypingComponentView.swift in Sources */ = {isa = PBXBuildFile; fileRef = 3850187E2A03E57200494D1A /* TypingComponentView.swift */; };
		385018812A03E58500494D1A /* MessageTableViewCell.swift in Sources */ = {isa = PBXBuildFile; fileRef = 385018802A03E58500494D1A /* MessageTableViewCell.swift */; };
		389F2F9729F663BA00327D2B /* AppDelegate.swift in Sources */ = {isa = PBXBuildFile; fileRef = 389F2F9629F663BA00327D2B /* AppDelegate.swift */; };
		389F2F9929F663BA00327D2B /* SceneDelegate.swift in Sources */ = {isa = PBXBuildFile; fileRef = 389F2F9829F663BA00327D2B /* SceneDelegate.swift */; };
		389F2F9B29F663BA00327D2B /* ViewController.swift in Sources */ = {isa = PBXBuildFile; fileRef = 389F2F9A29F663BA00327D2B /* ViewController.swift */; };
		389F2F9E29F663BA00327D2B /* Main.storyboard in Resources */ = {isa = PBXBuildFile; fileRef = 389F2F9C29F663BA00327D2B /* Main.storyboard */; };
		389F2FA129F663BA00327D2B /* Message.xcdatamodeld in Sources */ = {isa = PBXBuildFile; fileRef = 389F2F9F29F663BA00327D2B /* Message.xcdatamodeld */; };
		389F2FA329F663BA00327D2B /* Assets.xcassets in Resources */ = {isa = PBXBuildFile; fileRef = 389F2FA229F663BA00327D2B /* Assets.xcassets */; };
		389F2FA629F663BA00327D2B /* LaunchScreen.storyboard in Resources */ = {isa = PBXBuildFile; fileRef = 389F2FA429F663BA00327D2B /* LaunchScreen.storyboard */; };
		38BE93702A07CCB100B6ADC7 /* SwitchButtonConstants.swift in Sources */ = {isa = PBXBuildFile; fileRef = 38BE936F2A07CCB100B6ADC7 /* SwitchButtonConstants.swift */; };
/* End PBXBuildFile section */

/* Begin PBXFileReference section */
		380CC04F2A1B79870092EEB0 /* TopMessageHistoryViewConstants.swift */ = {isa = PBXFileReference; lastKnownFileType = sourcecode.swift; path = TopMessageHistoryViewConstants.swift; sourceTree = "<group>"; };
		380CC0512A1B79C50092EEB0 /* DividerViewConstants.swift */ = {isa = PBXFileReference; lastKnownFileType = sourcecode.swift; path = DividerViewConstants.swift; sourceTree = "<group>"; };
		380CC0532A1B7A050092EEB0 /* AppColor.swift */ = {isa = PBXFileReference; lastKnownFileType = sourcecode.swift; path = AppColor.swift; sourceTree = "<group>"; };
		380CC05D2A24A9070092EEB0 /* Messages.swift */ = {isa = PBXFileReference; lastKnownFileType = sourcecode.swift; path = Messages.swift; sourceTree = "<group>"; };
		380CC05F2A25F4850092EEB0 /* Message.swift */ = {isa = PBXFileReference; lastKnownFileType = sourcecode.swift; path = Message.swift; sourceTree = "<group>"; };
		385018772A03E53900494D1A /* SwitchButtonView.swift */ = {isa = PBXFileReference; lastKnownFileType = sourcecode.swift; path = SwitchButtonView.swift; sourceTree = "<group>"; };
		3850187C2A03E55D00494D1A /* MessageHistoryView.swift */ = {isa = PBXFileReference; lastKnownFileType = sourcecode.swift; path = MessageHistoryView.swift; sourceTree = "<group>"; };
		3850187E2A03E57200494D1A /* TypingComponentView.swift */ = {isa = PBXFileReference; lastKnownFileType = sourcecode.swift; path = TypingComponentView.swift; sourceTree = "<group>"; };
		385018802A03E58500494D1A /* MessageTableViewCell.swift */ = {isa = PBXFileReference; lastKnownFileType = sourcecode.swift; path = MessageTableViewCell.swift; sourceTree = "<group>"; };
		389F2F9329F663BA00327D2B /* Chat_App.app */ = {isa = PBXFileReference; explicitFileType = wrapper.application; includeInIndex = 0; path = Chat_App.app; sourceTree = BUILT_PRODUCTS_DIR; };
		389F2F9629F663BA00327D2B /* AppDelegate.swift */ = {isa = PBXFileReference; lastKnownFileType = sourcecode.swift; path = AppDelegate.swift; sourceTree = "<group>"; };
		389F2F9829F663BA00327D2B /* SceneDelegate.swift */ = {isa = PBXFileReference; lastKnownFileType = sourcecode.swift; path = SceneDelegate.swift; sourceTree = "<group>"; };
		389F2F9A29F663BA00327D2B /* ViewController.swift */ = {isa = PBXFileReference; lastKnownFileType = sourcecode.swift; path = ViewController.swift; sourceTree = "<group>"; };
		389F2F9D29F663BA00327D2B /* Base */ = {isa = PBXFileReference; lastKnownFileType = file.storyboard; name = Base; path = Base.lproj/Main.storyboard; sourceTree = "<group>"; };
		389F2FA029F663BA00327D2B /* Chat_App.xcdatamodel */ = {isa = PBXFileReference; lastKnownFileType = wrapper.xcdatamodel; path = Chat_App.xcdatamodel; sourceTree = "<group>"; };
		389F2FA229F663BA00327D2B /* Assets.xcassets */ = {isa = PBXFileReference; lastKnownFileType = folder.assetcatalog; path = Assets.xcassets; sourceTree = "<group>"; };
		389F2FA529F663BA00327D2B /* Base */ = {isa = PBXFileReference; lastKnownFileType = file.storyboard; name = Base; path = Base.lproj/LaunchScreen.storyboard; sourceTree = "<group>"; };
		389F2FA729F663BA00327D2B /* Info.plist */ = {isa = PBXFileReference; lastKnownFileType = text.plist.xml; path = Info.plist; sourceTree = "<group>"; };
		38BE936F2A07CCB100B6ADC7 /* SwitchButtonConstants.swift */ = {isa = PBXFileReference; lastKnownFileType = sourcecode.swift; path = SwitchButtonConstants.swift; sourceTree = "<group>"; };
/* End PBXFileReference section */

/* Begin PBXFrameworksBuildPhase section */
		389F2F9029F663BA00327D2B /* Frameworks */ = {
			isa = PBXFrameworksBuildPhase;
			buildActionMask = 2147483647;
			files = (
			);
			runOnlyForDeploymentPostprocessing = 0;
		};
/* End PBXFrameworksBuildPhase section */

/* Begin PBXGroup section */
		385018762A03E51500494D1A /* UI */ = {
			isa = PBXGroup;
			children = (
				385018772A03E53900494D1A /* SwitchButtonView.swift */,
				3850187C2A03E55D00494D1A /* MessageHistoryView.swift */,
				3850187E2A03E57200494D1A /* TypingComponentView.swift */,
				385018802A03E58500494D1A /* MessageTableViewCell.swift */,
				385018882A03E65E00494D1A /* ViewController */,
			);
			path = UI;
			sourceTree = "<group>";
		};
		385018882A03E65E00494D1A /* ViewController */ = {
			isa = PBXGroup;
			children = (
				389F2F9A29F663BA00327D2B /* ViewController.swift */,
			);
			path = ViewController;
			sourceTree = "<group>";
		};
		389F2F8A29F663B900327D2B = {
			isa = PBXGroup;
			children = (
				380CC05F2A25F4850092EEB0 /* Message.swift */,
				380CC05D2A24A9070092EEB0 /* Messages.swift */,
				389F2F9529F663BA00327D2B /* Chat_App */,
				389F2F9429F663BA00327D2B /* Products */,
			);
			sourceTree = "<group>";
		};
		389F2F9429F663BA00327D2B /* Products */ = {
			isa = PBXGroup;
			children = (
				389F2F9329F663BA00327D2B /* Chat_App.app */,
			);
			name = Products;
			sourceTree = "<group>";
		};
		389F2F9529F663BA00327D2B /* Chat_App */ = {
			isa = PBXGroup;
			children = (
				389F2F9629F663BA00327D2B /* AppDelegate.swift */,
				389F2F9829F663BA00327D2B /* SceneDelegate.swift */,
				385018762A03E51500494D1A /* UI */,
				38BE936E2A07CC8400B6ADC7 /* Constants */,
				389F2F9C29F663BA00327D2B /* Main.storyboard */,
				389F2FA229F663BA00327D2B /* Assets.xcassets */,
				389F2FA429F663BA00327D2B /* LaunchScreen.storyboard */,
				389F2FA729F663BA00327D2B /* Info.plist */,
				389F2F9F29F663BA00327D2B /* Message.xcdatamodeld */,
			);
			path = Chat_App;
			sourceTree = "<group>";
		};
		38BE936E2A07CC8400B6ADC7 /* Constants */ = {
			isa = PBXGroup;
			children = (
				38BE936F2A07CCB100B6ADC7 /* SwitchButtonConstants.swift */,
				380CC04F2A1B79870092EEB0 /* TopMessageHistoryViewConstants.swift */,
				380CC0512A1B79C50092EEB0 /* DividerViewConstants.swift */,
				380CC0532A1B7A050092EEB0 /* AppColor.swift */,
			);
			path = Constants;
			sourceTree = "<group>";
		};
/* End PBXGroup section */

/* Begin PBXNativeTarget section */
		389F2F9229F663BA00327D2B /* Chat_App */ = {
			isa = PBXNativeTarget;
			buildConfigurationList = 389F2FAA29F663BB00327D2B /* Build configuration list for PBXNativeTarget "Chat_App" */;
			buildPhases = (
				389F2F8F29F663BA00327D2B /* Sources */,
				389F2F9029F663BA00327D2B /* Frameworks */,
				389F2F9129F663BA00327D2B /* Resources */,
			);
			buildRules = (
			);
			dependencies = (
			);
			name = Chat_App;
			productName = Chat_App;
			productReference = 389F2F9329F663BA00327D2B /* Chat_App.app */;
			productType = "com.apple.product-type.application";
		};
/* End PBXNativeTarget section */

/* Begin PBXProject section */
		389F2F8B29F663B900327D2B /* Project object */ = {
			isa = PBXProject;
			attributes = {
				BuildIndependentTargetsInParallel = 1;
				LastSwiftUpdateCheck = 1400;
				LastUpgradeCheck = 1400;
				TargetAttributes = {
					389F2F9229F663BA00327D2B = {
						CreatedOnToolsVersion = 14.0;
					};
				};
			};
			buildConfigurationList = 389F2F8E29F663B900327D2B /* Build configuration list for PBXProject "Chat_App" */;
			compatibilityVersion = "Xcode 14.0";
			developmentRegion = en;
			hasScannedForEncodings = 0;
			knownRegions = (
				en,
				Base,
			);
			mainGroup = 389F2F8A29F663B900327D2B;
			productRefGroup = 389F2F9429F663BA00327D2B /* Products */;
			projectDirPath = "";
			projectRoot = "";
			targets = (
				389F2F9229F663BA00327D2B /* Chat_App */,
			);
		};
/* End PBXProject section */

/* Begin PBXResourcesBuildPhase section */
		389F2F9129F663BA00327D2B /* Resources */ = {
			isa = PBXResourcesBuildPhase;
			buildActionMask = 2147483647;
			files = (
				389F2FA629F663BA00327D2B /* LaunchScreen.storyboard in Resources */,
				389F2FA329F663BA00327D2B /* Assets.xcassets in Resources */,
				389F2F9E29F663BA00327D2B /* Main.storyboard in Resources */,
			);
			runOnlyForDeploymentPostprocessing = 0;
		};
/* End PBXResourcesBuildPhase section */

/* Begin PBXSourcesBuildPhase section */
		389F2F8F29F663BA00327D2B /* Sources */ = {
			isa = PBXSourcesBuildPhase;
			buildActionMask = 2147483647;
			files = (
				380CC0522A1B79C50092EEB0 /* DividerViewConstants.swift in Sources */,
				3850187D2A03E55D00494D1A /* MessageHistoryView.swift in Sources */,
				385018812A03E58500494D1A /* MessageTableViewCell.swift in Sources */,
				389F2F9B29F663BA00327D2B /* ViewController.swift in Sources */,
				389F2FA129F663BA00327D2B /* Message.xcdatamodeld in Sources */,
				380CC0542A1B7A050092EEB0 /* AppColor.swift in Sources */,
				380CC05E2A24A9070092EEB0 /* Messages.swift in Sources */,
				385018782A03E53900494D1A /* SwitchButtonView.swift in Sources */,
				3850187F2A03E57200494D1A /* TypingComponentView.swift in Sources */,
				380CC0502A1B79870092EEB0 /* TopMessageHistoryViewConstants.swift in Sources */,
				389F2F9729F663BA00327D2B /* AppDelegate.swift in Sources */,
				389F2F9929F663BA00327D2B /* SceneDelegate.swift in Sources */,
				38BE93702A07CCB100B6ADC7 /* SwitchButtonConstants.swift in Sources */,
				380CC0602A25F4850092EEB0 /* Message.swift in Sources */,
			);
			runOnlyForDeploymentPostprocessing = 0;
		};
/* End PBXSourcesBuildPhase section */

/* Begin PBXVariantGroup section */
		389F2F9C29F663BA00327D2B /* Main.storyboard */ = {
			isa = PBXVariantGroup;
			children = (
				389F2F9D29F663BA00327D2B /* Base */,
			);
			name = Main.storyboard;
			sourceTree = "<group>";
		};
		389F2FA429F663BA00327D2B /* LaunchScreen.storyboard */ = {
			isa = PBXVariantGroup;
			children = (
				389F2FA529F663BA00327D2B /* Base */,
			);
			name = LaunchScreen.storyboard;
			sourceTree = "<group>";
		};
/* End PBXVariantGroup section */

/* Begin XCBuildConfiguration section */
		389F2FA829F663BA00327D2B /* Debug */ = {
			isa = XCBuildConfiguration;
			buildSettings = {
				ALWAYS_SEARCH_USER_PATHS = NO;
				CLANG_ANALYZER_NONNULL = YES;
				CLANG_ANALYZER_NUMBER_OBJECT_CONVERSION = YES_AGGRESSIVE;
				CLANG_CXX_LANGUAGE_STANDARD = "gnu++20";
				CLANG_ENABLE_MODULES = YES;
				CLANG_ENABLE_OBJC_ARC = YES;
				CLANG_ENABLE_OBJC_WEAK = YES;
				CLANG_WARN_BLOCK_CAPTURE_AUTORELEASING = YES;
				CLANG_WARN_BOOL_CONVERSION = YES;
				CLANG_WARN_COMMA = YES;
				CLANG_WARN_CONSTANT_CONVERSION = YES;
				CLANG_WARN_DEPRECATED_OBJC_IMPLEMENTATIONS = YES;
				CLANG_WARN_DIRECT_OBJC_ISA_USAGE = YES_ERROR;
				CLANG_WARN_DOCUMENTATION_COMMENTS = YES;
				CLANG_WARN_EMPTY_BODY = YES;
				CLANG_WARN_ENUM_CONVERSION = YES;
				CLANG_WARN_INFINITE_RECURSION = YES;
				CLANG_WARN_INT_CONVERSION = YES;
				CLANG_WARN_NON_LITERAL_NULL_CONVERSION = YES;
				CLANG_WARN_OBJC_IMPLICIT_RETAIN_SELF = YES;
				CLANG_WARN_OBJC_LITERAL_CONVERSION = YES;
				CLANG_WARN_OBJC_ROOT_CLASS = YES_ERROR;
				CLANG_WARN_QUOTED_INCLUDE_IN_FRAMEWORK_HEADER = YES;
				CLANG_WARN_RANGE_LOOP_ANALYSIS = YES;
				CLANG_WARN_STRICT_PROTOTYPES = YES;
				CLANG_WARN_SUSPICIOUS_MOVE = YES;
				CLANG_WARN_UNGUARDED_AVAILABILITY = YES_AGGRESSIVE;
				CLANG_WARN_UNREACHABLE_CODE = YES;
				CLANG_WARN__DUPLICATE_METHOD_MATCH = YES;
				COPY_PHASE_STRIP = NO;
				DEBUG_INFORMATION_FORMAT = dwarf;
				ENABLE_STRICT_OBJC_MSGSEND = YES;
				ENABLE_TESTABILITY = YES;
				GCC_C_LANGUAGE_STANDARD = gnu11;
				GCC_DYNAMIC_NO_PIC = NO;
				GCC_NO_COMMON_BLOCKS = YES;
				GCC_OPTIMIZATION_LEVEL = 0;
				GCC_PREPROCESSOR_DEFINITIONS = (
					"DEBUG=1",
					"$(inherited)",
				);
				GCC_WARN_64_TO_32_BIT_CONVERSION = YES;
				GCC_WARN_ABOUT_RETURN_TYPE = YES_ERROR;
				GCC_WARN_UNDECLARED_SELECTOR = YES;
				GCC_WARN_UNINITIALIZED_AUTOS = YES_AGGRESSIVE;
				GCC_WARN_UNUSED_FUNCTION = YES;
				GCC_WARN_UNUSED_VARIABLE = YES;
				IPHONEOS_DEPLOYMENT_TARGET = 16.0;
				MTL_ENABLE_DEBUG_INFO = INCLUDE_SOURCE;
				MTL_FAST_MATH = YES;
				ONLY_ACTIVE_ARCH = YES;
				SDKROOT = iphoneos;
				SWIFT_ACTIVE_COMPILATION_CONDITIONS = DEBUG;
				SWIFT_OPTIMIZATION_LEVEL = "-Onone";
			};
			name = Debug;
		};
		389F2FA929F663BB00327D2B /* Release */ = {
			isa = XCBuildConfiguration;
			buildSettings = {
				ALWAYS_SEARCH_USER_PATHS = NO;
				CLANG_ANALYZER_NONNULL = YES;
				CLANG_ANALYZER_NUMBER_OBJECT_CONVERSION = YES_AGGRESSIVE;
				CLANG_CXX_LANGUAGE_STANDARD = "gnu++20";
				CLANG_ENABLE_MODULES = YES;
				CLANG_ENABLE_OBJC_ARC = YES;
				CLANG_ENABLE_OBJC_WEAK = YES;
				CLANG_WARN_BLOCK_CAPTURE_AUTORELEASING = YES;
				CLANG_WARN_BOOL_CONVERSION = YES;
				CLANG_WARN_COMMA = YES;
				CLANG_WARN_CONSTANT_CONVERSION = YES;
				CLANG_WARN_DEPRECATED_OBJC_IMPLEMENTATIONS = YES;
				CLANG_WARN_DIRECT_OBJC_ISA_USAGE = YES_ERROR;
				CLANG_WARN_DOCUMENTATION_COMMENTS = YES;
				CLANG_WARN_EMPTY_BODY = YES;
				CLANG_WARN_ENUM_CONVERSION = YES;
				CLANG_WARN_INFINITE_RECURSION = YES;
				CLANG_WARN_INT_CONVERSION = YES;
				CLANG_WARN_NON_LITERAL_NULL_CONVERSION = YES;
				CLANG_WARN_OBJC_IMPLICIT_RETAIN_SELF = YES;
				CLANG_WARN_OBJC_LITERAL_CONVERSION = YES;
				CLANG_WARN_OBJC_ROOT_CLASS = YES_ERROR;
				CLANG_WARN_QUOTED_INCLUDE_IN_FRAMEWORK_HEADER = YES;
				CLANG_WARN_RANGE_LOOP_ANALYSIS = YES;
				CLANG_WARN_STRICT_PROTOTYPES = YES;
				CLANG_WARN_SUSPICIOUS_MOVE = YES;
				CLANG_WARN_UNGUARDED_AVAILABILITY = YES_AGGRESSIVE;
				CLANG_WARN_UNREACHABLE_CODE = YES;
				CLANG_WARN__DUPLICATE_METHOD_MATCH = YES;
				COPY_PHASE_STRIP = NO;
				DEBUG_INFORMATION_FORMAT = "dwarf-with-dsym";
				ENABLE_NS_ASSERTIONS = NO;
				ENABLE_STRICT_OBJC_MSGSEND = YES;
				GCC_C_LANGUAGE_STANDARD = gnu11;
				GCC_NO_COMMON_BLOCKS = YES;
				GCC_WARN_64_TO_32_BIT_CONVERSION = YES;
				GCC_WARN_ABOUT_RETURN_TYPE = YES_ERROR;
				GCC_WARN_UNDECLARED_SELECTOR = YES;
				GCC_WARN_UNINITIALIZED_AUTOS = YES_AGGRESSIVE;
				GCC_WARN_UNUSED_FUNCTION = YES;
				GCC_WARN_UNUSED_VARIABLE = YES;
				IPHONEOS_DEPLOYMENT_TARGET = 16.0;
				MTL_ENABLE_DEBUG_INFO = NO;
				MTL_FAST_MATH = YES;
				SDKROOT = iphoneos;
				SWIFT_COMPILATION_MODE = wholemodule;
				SWIFT_OPTIMIZATION_LEVEL = "-O";
				VALIDATE_PRODUCT = YES;
			};
			name = Release;
		};
		389F2FAB29F663BB00327D2B /* Debug */ = {
			isa = XCBuildConfiguration;
			buildSettings = {
				ASSETCATALOG_COMPILER_APPICON_NAME = AppIcon;
				ASSETCATALOG_COMPILER_GLOBAL_ACCENT_COLOR_NAME = AccentColor;
				CODE_SIGN_STYLE = Automatic;
				CURRENT_PROJECT_VERSION = 1;
				DEVELOPMENT_TEAM = SXQ4D9HGW2;
				GENERATE_INFOPLIST_FILE = YES;
				INFOPLIST_FILE = Chat_App/Info.plist;
				INFOPLIST_KEY_UIApplicationSupportsIndirectInputEvents = YES;
				INFOPLIST_KEY_UILaunchStoryboardName = LaunchScreen;
				INFOPLIST_KEY_UIMainStoryboardFile = Main;
				INFOPLIST_KEY_UIRequiresFullScreen = NO;
				INFOPLIST_KEY_UISupportedInterfaceOrientations_iPad = "UIInterfaceOrientationPortrait UIInterfaceOrientationPortraitUpsideDown UIInterfaceOrientationLandscapeLeft UIInterfaceOrientationLandscapeRight";
				INFOPLIST_KEY_UISupportedInterfaceOrientations_iPhone = "UIInterfaceOrientationPortrait UIInterfaceOrientationLandscapeLeft UIInterfaceOrientationLandscapeRight";
				LD_RUNPATH_SEARCH_PATHS = (
					"$(inherited)",
					"@executable_path/Frameworks",
				);
				MARKETING_VERSION = 1.0;
				PRODUCT_BUNDLE_IDENTIFIER = "Its.Chat-App";
				PRODUCT_NAME = "$(TARGET_NAME)";
				SWIFT_EMIT_LOC_STRINGS = YES;
				SWIFT_VERSION = 5.0;
				TARGETED_DEVICE_FAMILY = "1,2";
			};
			name = Debug;
		};
		389F2FAC29F663BB00327D2B /* Release */ = {
			isa = XCBuildConfiguration;
			buildSettings = {
				ASSETCATALOG_COMPILER_APPICON_NAME = AppIcon;
				ASSETCATALOG_COMPILER_GLOBAL_ACCENT_COLOR_NAME = AccentColor;
				CODE_SIGN_STYLE = Automatic;
				CURRENT_PROJECT_VERSION = 1;
				DEVELOPMENT_TEAM = SXQ4D9HGW2;
				GENERATE_INFOPLIST_FILE = YES;
				INFOPLIST_FILE = Chat_App/Info.plist;
				INFOPLIST_KEY_UIApplicationSupportsIndirectInputEvents = YES;
				INFOPLIST_KEY_UILaunchStoryboardName = LaunchScreen;
				INFOPLIST_KEY_UIMainStoryboardFile = Main;
				INFOPLIST_KEY_UIRequiresFullScreen = NO;
				INFOPLIST_KEY_UISupportedInterfaceOrientations_iPad = "UIInterfaceOrientationPortrait UIInterfaceOrientationPortraitUpsideDown UIInterfaceOrientationLandscapeLeft UIInterfaceOrientationLandscapeRight";
				INFOPLIST_KEY_UISupportedInterfaceOrientations_iPhone = "UIInterfaceOrientationPortrait UIInterfaceOrientationLandscapeLeft UIInterfaceOrientationLandscapeRight";
				LD_RUNPATH_SEARCH_PATHS = (
					"$(inherited)",
					"@executable_path/Frameworks",
				);
				MARKETING_VERSION = 1.0;
				PRODUCT_BUNDLE_IDENTIFIER = "Its.Chat-App";
				PRODUCT_NAME = "$(TARGET_NAME)";
				SWIFT_EMIT_LOC_STRINGS = YES;
				SWIFT_VERSION = 5.0;
				TARGETED_DEVICE_FAMILY = "1,2";
			};
			name = Release;
		};
/* End XCBuildConfiguration section */

/* Begin XCConfigurationList section */
		389F2F8E29F663B900327D2B /* Build configuration list for PBXProject "Chat_App" */ = {
			isa = XCConfigurationList;
			buildConfigurations = (
				389F2FA829F663BA00327D2B /* Debug */,
				389F2FA929F663BB00327D2B /* Release */,
			);
			defaultConfigurationIsVisible = 0;
			defaultConfigurationName = Release;
		};
		389F2FAA29F663BB00327D2B /* Build configuration list for PBXNativeTarget "Chat_App" */ = {
			isa = XCConfigurationList;
			buildConfigurations = (
				389F2FAB29F663BB00327D2B /* Debug */,
				389F2FAC29F663BB00327D2B /* Release */,
			);
			defaultConfigurationIsVisible = 0;
			defaultConfigurationName = Release;
		};
/* End XCConfigurationList section */

/* Begin XCVersionGroup section */
		389F2F9F29F663BA00327D2B /* Message.xcdatamodeld */ = {
			isa = XCVersionGroup;
			children = (
				389F2FA029F663BA00327D2B /* Chat_App.xcdatamodel */,
			);
			currentVersion = 389F2FA029F663BA00327D2B /* Chat_App.xcdatamodel */;
			path = Message.xcdatamodeld;
			sourceTree = "<group>";
			versionGroupType = wrapper.xcdatamodel;
		};
/* End XCVersionGroup section */
	};
	rootObject = 389F2F8B29F663B900327D2B /* Project object */;
}
